
Microsoft Visual Studio Solution File, Format Version 12.00
# Visual Studio Version 17
VisualStudioVersion = 17.11.35303.130
MinimumVisualStudioVersion = 10.0.40219.1
Project("{F184B08F-C81C-45F6-A57F-5ABD9991F28F}") = "EUART SERIAL", "EUART SERIAL\EUART SERIAL.vbproj", "{D1FB56A5-B5AC-45AA-8A94-1AABF277F0EA}"
EndProject
Global
	GlobalSection(SolutionConfigurationPlatforms) = preSolution
		Debug|Any CPU = Debug|Any CPU
		Release|Any CPU = Release|Any CPU
	EndGlobalSection
	GlobalSection(ProjectConfigurationPlatforms) = postSolution
		{D1FB56A5-B5AC-45AA-8A94-1AABF277F0EA}.Debug|Any CPU.ActiveCfg = Debug|Any CPU
		{D1FB56A5-B5AC-45AA-8A94-1AABF277F0EA}.Debug|Any CPU.Build.0 = Debug|Any CPU
		{D1FB56A5-B5AC-45AA-8A94-1AABF277F0EA}.Release|Any CPU.ActiveCfg = Release|Any CPU
		{D1FB56A5-B5AC-45AA-8A94-1AABF277F0EA}.Release|Any CPU.Build.0 = Release|Any CPU
	EndGlobalSection
	GlobalSection(SolutionProperties) = preSolution
		HideSolutionNode = FALSE
	EndGlobalSection
	GlobalSection(ExtensibilityGlobals) = postSolution
		SolutionGuid = {11274C5C-7EA2-42A2-A98A-3DDC99D7D7B6}
	EndGlobalSection
EndGlobal
